
Microsoft Visual Studio Solution File, Format Version 12.00
Project("{FAE04EC0-301F-11D3-BF4B-00C04F79EFBC}") = "SmartHome", "SmartHome\SmartHome.csproj", "{8B23CCC2-338D-42DE-B2D1-C9843B4ABAEB}"
EndProject
Global
	GlobalSection(SolutionConfigurationPlatforms) = preSolution
		Debug|Any CPU = Debug|Any CPU
		Release|Any CPU = Release|Any CPU
	EndGlobalSection
	GlobalSection(ProjectConfigurationPlatforms) = postSolution
		{8B23CCC2-338D-42DE-B2D1-C9843B4ABAEB}.Debug|Any CPU.ActiveCfg = Debug|Any CPU
		{8B23CCC2-338D-42DE-B2D1-C9843B4ABAEB}.Debug|Any CPU.Build.0 = Debug|Any CPU
		{8B23CCC2-338D-42DE-B2D1-C9843B4ABAEB}.Release|Any CPU.ActiveCfg = Release|Any CPU
		{8B23CCC2-338D-42DE-B2D1-C9843B4ABAEB}.Release|Any CPU.Build.0 = Release|Any CPU
	EndGlobalSection
EndGlobal
